{
  "nodes": {
    "advisory-db": {
      "flake": false,
      "locked": {
        "lastModified": 1750151065,
        "narHash": "sha256-il+CAqChFIB82xP6bO43dWlUVs+NlG7a4g8liIP5HcI=",
        "owner": "rustsec",
        "repo": "advisory-db",
        "rev": "7573f55ba337263f61167dbb0ea926cdc7c8eb5d",
        "type": "github"
      },
      "original": {
        "owner": "rustsec",
        "repo": "advisory-db",
        "type": "github"
      }
    },
    "crane": {
      "locked": {
        "lastModified": 1755993354,
        "narHash": "sha256-FCRRAzSaL/+umLIm3RU3O/+fJ2ssaPHseI2SSFL8yZU=",
        "owner": "ipetkov",
        "repo": "crane",
        "rev": "25bd41b24426c7734278c2ff02e53258851db914",
        "type": "github"
      },
      "original": {
        "owner": "ipetkov",
        "repo": "crane",
        "type": "github"
      }
    },
    "crane_2": {
      "locked": {
        "lastModified": 1754269165,
        "narHash": "sha256-0tcS8FHd4QjbCVoxN9jI+PjHgA4vc/IjkUSp+N3zy0U=",
        "owner": "ipetkov",
        "repo": "crane",
        "rev": "444e81206df3f7d92780680e45858e31d2f07a08",
        "type": "github"
      },
      "original": {
        "owner": "ipetkov",
        "repo": "crane",
        "type": "github"
      }
    },
    "crane_3": {
      "locked": {
        "lastModified": 1750266157,
        "narHash": "sha256-tL42YoNg9y30u7zAqtoGDNdTyXTi8EALDeCB13FtbQA=",
        "owner": "ipetkov",
        "repo": "crane",
        "rev": "e37c943371b73ed87faf33f7583860f81f1d5a48",
        "type": "github"
      },
      "original": {
        "owner": "ipetkov",
        "repo": "crane",
        "type": "github"
      }
    },
    "fenix": {
      "inputs": {
        "nixpkgs": [
          "nixpkgs"
        ],
        "rust-analyzer-src": "rust-analyzer-src"
      },
      "locked": {
        "lastModified": 1756548819,
        "narHash": "sha256-1Eb53rxrULE1+MTHhxJTPNMwKKD6bkROd98L8LgMtCM=",
        "owner": "nix-community",
        "repo": "fenix",
        "rev": "9f42df6d931262bc814ef681bcac6de779bebaeb",
        "type": "github"
      },
      "original": {
        "owner": "nix-community",
        "repo": "fenix",
        "type": "github"
      }
    },
    "flake-compat": {
      "flake": false,
      "locked": {
        "lastModified": 1696426674,
        "narHash": "sha256-kvjfFW7WAETZlt09AgDn1MrtKzP7t90Vf7vypd3OL1U=",
        "owner": "edolstra",
        "repo": "flake-compat",
        "rev": "0f9255e01c2351cc7d116c072cb317785dd33b33",
        "type": "github"
      },
      "original": {
        "owner": "edolstra",
        "repo": "flake-compat",
        "type": "github"
      }
    },
    "flake-utils": {
      "inputs": {
        "systems": "systems"
      },
      "locked": {
        "lastModified": 1731533236,
        "narHash": "sha256-l0KFg5HjrsfsO/JpG+r7fRrqm12kzFHyUHqHCVpMMbI=",
        "owner": "numtide",
        "repo": "flake-utils",
        "rev": "11707dc2f618dd54ca8739b309ec4fc024de578b",
        "type": "github"
      },
      "original": {
        "owner": "numtide",
        "repo": "flake-utils",
        "type": "github"
      }
    },
    "gitignore": {
      "inputs": {
        "nixpkgs": [
          "nickel",
          "pre-commit-hooks",
          "nixpkgs"
        ]
      },
      "locked": {
        "lastModified": 1709087332,
        "narHash": "sha256-HG2cCnktfHsKV0s4XW83gU3F57gaTljL9KNSuG6bnQs=",
        "owner": "hercules-ci",
        "repo": "gitignore.nix",
        "rev": "637db329424fd7e46cf4185293b9cc8c88c95394",
        "type": "github"
      },
      "original": {
        "owner": "hercules-ci",
        "repo": "gitignore.nix",
        "type": "github"
      }
    },
    "nickel": {
      "inputs": {
        "crane": "crane_2",
        "flake-utils": "flake-utils",
        "nixpkgs": "nixpkgs",
        "pre-commit-hooks": "pre-commit-hooks",
        "rust-overlay": "rust-overlay"
      },
      "locked": {
        "lastModified": 1756493752,
        "narHash": "sha256-kDMFPHljLZfQTi1Yn/tWfxLwg5L/8fP+WbTdI3pbIzY=",
        "owner": "tweag",
        "repo": "nickel",
        "rev": "aa76d8e22b6d6b03045c53641849e12fa815c304",
        "type": "github"
      },
      "original": {
        "owner": "tweag",
        "repo": "nickel",
        "type": "github"
      }
    },
    "nixpkgs": {
      "locked": {
        "lastModified": 1754214453,
        "narHash": "sha256-Q/I2xJn/j1wpkGhWkQnm20nShYnG7TI99foDBpXm1SY=",
        "owner": "nixos",
        "repo": "nixpkgs",
        "rev": "5b09dc45f24cf32316283e62aec81ffee3c3e376",
        "type": "github"
      },
      "original": {
        "owner": "nixos",
        "ref": "nixos-unstable",
        "repo": "nixpkgs",
        "type": "github"
      }
    },
    "nixpkgs_2": {
      "locked": {
        "lastModified": 1756536218,
        "narHash": "sha256-ynQxPVN2FIPheUgTFhv01gYLbaiSOS7NgWJPm9LF9D0=",
        "owner": "nixos",
        "repo": "nixpkgs",
        "rev": "a918bb3594dd243c2f8534b3be01b3cb4ed35fd1",
        "type": "github"
      },
      "original": {
        "owner": "nixos",
        "ref": "nixpkgs-unstable",
        "repo": "nixpkgs",
        "type": "github"
      }
    },
    "nixpkgs_3": {
      "locked": {
        "lastModified": 1751180975,
        "narHash": "sha256-BKk4yDiXr4LdF80OTVqYJ53Q74rOcA/82EClXug8xsY=",
        "owner": "NixOS",
        "repo": "nixpkgs",
        "rev": "a48741b083d4f36dd79abd9f760c84da6b4dc0e5",
        "type": "github"
      },
      "original": {
        "owner": "NixOS",
        "ref": "nixpkgs-unstable",
        "repo": "nixpkgs",
        "type": "github"
      }
    },
    "nixpkgs_4": {
      "locked": {
        "lastModified": 1744536153,
        "narHash": "sha256-awS2zRgF4uTwrOKwwiJcByDzDOdo3Q1rPZbiHQg/N38=",
        "owner": "NixOS",
        "repo": "nixpkgs",
        "rev": "18dd725c29603f582cf1900e0d25f9f1063dbf11",
        "type": "github"
      },
      "original": {
        "owner": "NixOS",
        "ref": "nixpkgs-unstable",
        "repo": "nixpkgs",
        "type": "github"
      }
    },
    "pre-commit-hooks": {
      "inputs": {
        "flake-compat": "flake-compat",
        "gitignore": "gitignore",
        "nixpkgs": [
          "nickel",
          "nixpkgs"
        ]
      },
      "locked": {
        "lastModified": 1750779888,
        "narHash": "sha256-wibppH3g/E2lxU43ZQHC5yA/7kIKLGxVEnsnVK1BtRg=",
        "owner": "cachix",
        "repo": "pre-commit-hooks.nix",
        "rev": "16ec914f6fb6f599ce988427d9d94efddf25fe6d",
        "type": "github"
      },
      "original": {
        "owner": "cachix",
        "repo": "pre-commit-hooks.nix",
        "type": "github"
      }
    },
    "root": {
      "inputs": {
        "crane": "crane",
        "fenix": "fenix",
        "nickel": "nickel",
        "nixpkgs": "nixpkgs_2",
        "topiary": "topiary"
      }
    },
    "rust-analyzer-src": {
      "flake": false,
      "locked": {
        "lastModified": 1756508200,
        "narHash": "sha256-5U2p+gLtH17qtAZY1bdY0snoN/gRlQ8nH3LO+Yw3hCk=",
        "owner": "rust-lang",
        "repo": "rust-analyzer",
        "rev": "67a58fdfebd72f4f9f737f2715ab21a260d88383",
        "type": "github"
      },
      "original": {
        "owner": "rust-lang",
        "ref": "nightly",
        "repo": "rust-analyzer",
        "type": "github"
      }
    },
    "rust-overlay": {
      "inputs": {
        "nixpkgs": [
          "nickel",
          "nixpkgs"
        ]
      },
      "locked": {
        "lastModified": 1754276100,
        "narHash": "sha256-VmYP9Jo0U234xtGTGtihqNHfGy1JZ1h9WaaJlIuzgCk=",
        "owner": "oxalica",
        "repo": "rust-overlay",
        "rev": "dc2d2489572fa8a3b86c15ff9fd01f99b90cb90d",
        "type": "github"
      },
      "original": {
        "owner": "oxalica",
        "repo": "rust-overlay",
        "type": "github"
      }
    },
    "rust-overlay_2": {
      "inputs": {
        "nixpkgs": "nixpkgs_4"
      },
      "locked": {
        "lastModified": 1751165203,
        "narHash": "sha256-3QhlpAk2yn+ExwvRLtaixWsVW1q3OX3KXXe0l8VMLl4=",
        "owner": "oxalica",
        "repo": "rust-overlay",
        "rev": "90f547b90e73d3c6025e66c5b742d6db51c418c3",
        "type": "github"
      },
      "original": {
        "owner": "oxalica",
        "repo": "rust-overlay",
        "type": "github"
      }
    },
    "systems": {
      "locked": {
        "lastModified": 1681028828,
        "narHash": "sha256-Vy1rq5AaRuLzOxct8nz4T6wlgyUR7zLU309k9mBC768=",
        "owner": "nix-systems",
        "repo": "default",
        "rev": "da67096a3b9bf56a91d16901293e51ba5b49a27e",
        "type": "github"
      },
      "original": {
        "owner": "nix-systems",
        "repo": "default",
        "type": "github"
      }
    },
    "topiary": {
      "inputs": {
        "advisory-db": "advisory-db",
        "crane": "crane_3",
        "nixpkgs": "nixpkgs_3",
        "rust-overlay": "rust-overlay_2"
      },
      "locked": {
        "lastModified": 1756498771,
        "narHash": "sha256-WDl2GMTQgUTMqIBTYXt+UbIS1LMo9+9rp0HeYVGllWQ=",
        "owner": "tweag",
        "repo": "topiary",
        "rev": "439f0d15571140dc29c1d5893d262c94470fb93f",
        "type": "github"
      },
      "original": {
        "owner": "tweag",
        "repo": "topiary",
        "type": "github"
      }
    }
  },
  "root": "root",
  "version": 7
}
